
Microsoft Visual Studio Solution File, Format Version 12.00
# Visual Studio Version 17
VisualStudioVersion = 17.4.33110.190
MinimumVisualStudioVersion = 10.0.40219.1
Project("{FAE04EC0-301F-11D3-BF4B-00C04F79EFBC}") = "TucSharp20230222", "TucSharp20230222\TucSharp20230222.csproj", "{DA426E9F-D99C-416A-8633-7BCA6843BF91}"
EndProject
Global
	GlobalSection(SolutionConfigurationPlatforms) = preSolution
		Debug|Any CPU = Debug|Any CPU
		Release|Any CPU = Release|Any CPU
	EndGlobalSection
	GlobalSection(ProjectConfigurationPlatforms) = postSolution
		{DA426E9F-D99C-416A-8633-7BCA6843BF91}.Debug|Any CPU.ActiveCfg = Debug|Any CPU
		{DA426E9F-D99C-416A-8633-7BCA6843BF91}.Debug|Any CPU.Build.0 = Debug|Any CPU
		{DA426E9F-D99C-416A-8633-7BCA6843BF91}.Release|Any CPU.ActiveCfg = Release|Any CPU
		{DA426E9F-D99C-416A-8633-7BCA6843BF91}.Release|Any CPU.Build.0 = Release|Any CPU
	EndGlobalSection
	GlobalSection(SolutionProperties) = preSolution
		HideSolutionNode = FALSE
	EndGlobalSection
	GlobalSection(ExtensibilityGlobals) = postSolution
		SolutionGuid = {0615EB76-AA88-4E9A-99E6-3CE7D2CB2FA8}
	EndGlobalSection
EndGlobal
